
Microsoft Visual Studio Solution File, Format Version 12.00
# Visual Studio 14
VisualStudioVersion = 14.0.25420.1
MinimumVisualStudioVersion = 10.0.40219.1
Project("{FAE04EC0-301F-11D3-BF4B-00C04F79EFBC}") = "WindowsFormsApplication1", "WindowsFormsApplication1\WindowsFormsApplication1.csproj", "{91DDF1AE-4009-4A04-880C-44EBFC5107B3}"
EndProject
Project("{54435603-DBB4-11D2-8724-00A0C9A8B90C}") = "TKN Securities", "Installer\Installer.vdproj", "{F33D4351-51DD-4F39-A8E4-07F4443C42D5}"
EndProject
Global
	GlobalSection(SolutionConfigurationPlatforms) = preSolution
		Debug|Any CPU = Debug|Any CPU
		Debug|x64 = Debug|x64
		Debug|x86 = Debug|x86
		Release|Any CPU = Release|Any CPU
		Release|x64 = Release|x64
		Release|x86 = Release|x86
		x86|Any CPU = x86|Any CPU
		x86|x64 = x86|x64
		x86|x86 = x86|x86
		x86x64|Any CPU = x86x64|Any CPU
		x86x64|x64 = x86x64|x64
		x86x64|x86 = x86x64|x86
	EndGlobalSection
	GlobalSection(ProjectConfigurationPlatforms) = postSolution
		{91DDF1AE-4009-4A04-880C-44EBFC5107B3}.Debug|Any CPU.ActiveCfg = Debug|Any CPU
		{91DDF1AE-4009-4A04-880C-44EBFC5107B3}.Debug|Any CPU.Build.0 = Debug|Any CPU
		{91DDF1AE-4009-4A04-880C-44EBFC5107B3}.Debug|x64.ActiveCfg = Debug|x64
		{91DDF1AE-4009-4A04-880C-44EBFC5107B3}.Debug|x64.Build.0 = Debug|x64
		{91DDF1AE-4009-4A04-880C-44EBFC5107B3}.Debug|x86.ActiveCfg = Debug|x86
		{91DDF1AE-4009-4A04-880C-44EBFC5107B3}.Debug|x86.Build.0 = Debug|x86
		{91DDF1AE-4009-4A04-880C-44EBFC5107B3}.Release|Any CPU.ActiveCfg = Release|Any CPU
		{91DDF1AE-4009-4A04-880C-44EBFC5107B3}.Release|Any CPU.Build.0 = Release|Any CPU
		{91DDF1AE-4009-4A04-880C-44EBFC5107B3}.Release|x64.ActiveCfg = Release|x64
		{91DDF1AE-4009-4A04-880C-44EBFC5107B3}.Release|x64.Build.0 = Release|x64
		{91DDF1AE-4009-4A04-880C-44EBFC5107B3}.Release|x86.ActiveCfg = Release|x86
		{91DDF1AE-4009-4A04-880C-44EBFC5107B3}.Release|x86.Build.0 = Release|x86
		{91DDF1AE-4009-4A04-880C-44EBFC5107B3}.x86|Any CPU.ActiveCfg = x86|Any CPU
		{91DDF1AE-4009-4A04-880C-44EBFC5107B3}.x86|Any CPU.Build.0 = x86|Any CPU
		{91DDF1AE-4009-4A04-880C-44EBFC5107B3}.x86|x64.ActiveCfg = x86|x64
		{91DDF1AE-4009-4A04-880C-44EBFC5107B3}.x86|x64.Build.0 = x86|x64
		{91DDF1AE-4009-4A04-880C-44EBFC5107B3}.x86|x86.ActiveCfg = x86|x86
		{91DDF1AE-4009-4A04-880C-44EBFC5107B3}.x86|x86.Build.0 = x86|x86
		{91DDF1AE-4009-4A04-880C-44EBFC5107B3}.x86x64|Any CPU.ActiveCfg = x86x64|Any CPU
		{91DDF1AE-4009-4A04-880C-44EBFC5107B3}.x86x64|Any CPU.Build.0 = x86x64|Any CPU
		{91DDF1AE-4009-4A04-880C-44EBFC5107B3}.x86x64|x64.ActiveCfg = Debug|x64
		{91DDF1AE-4009-4A04-880C-44EBFC5107B3}.x86x64|x64.Build.0 = Debug|x64
		{91DDF1AE-4009-4A04-880C-44EBFC5107B3}.x86x64|x86.ActiveCfg = x86x64|x86
		{91DDF1AE-4009-4A04-880C-44EBFC5107B3}.x86x64|x86.Build.0 = x86x64|x86
		{F33D4351-51DD-4F39-A8E4-07F4443C42D5}.Debug|Any CPU.ActiveCfg = Debug
		{F33D4351-51DD-4F39-A8E4-07F4443C42D5}.Debug|x64.ActiveCfg = Debug
		{F33D4351-51DD-4F39-A8E4-07F4443C42D5}.Debug|x86.ActiveCfg = Debug
		{F33D4351-51DD-4F39-A8E4-07F4443C42D5}.Release|Any CPU.ActiveCfg = Release
		{F33D4351-51DD-4F39-A8E4-07F4443C42D5}.Release|Any CPU.Build.0 = Release
		{F33D4351-51DD-4F39-A8E4-07F4443C42D5}.Release|x64.ActiveCfg = Release
		{F33D4351-51DD-4F39-A8E4-07F4443C42D5}.Release|x86.ActiveCfg = Release
		{F33D4351-51DD-4F39-A8E4-07F4443C42D5}.x86|Any CPU.ActiveCfg = Release
		{F33D4351-51DD-4F39-A8E4-07F4443C42D5}.x86|x64.ActiveCfg = Release
		{F33D4351-51DD-4F39-A8E4-07F4443C42D5}.x86|x86.ActiveCfg = Release
		{F33D4351-51DD-4F39-A8E4-07F4443C42D5}.x86x64|Any CPU.ActiveCfg = Release
		{F33D4351-51DD-4F39-A8E4-07F4443C42D5}.x86x64|x64.ActiveCfg = Release
		{F33D4351-51DD-4F39-A8E4-07F4443C42D5}.x86x64|x86.ActiveCfg = Release
	EndGlobalSection
	GlobalSection(SolutionProperties) = preSolution
		HideSolutionNode = FALSE
	EndGlobalSection
EndGlobal
